{
  "name": "papupu",
  "version": "1.0.26",
  "lockfileVersion": 3,
  "requires": true,
  "packages": {
    "": {
      "name": "papupu",
      "version": "1.0.26",
      "license": "MIT",
      "dependencies": {
        "node-cmd": "^5.0.0"
      },
      "bin": {
        "papupu": "cli.js"
      }
    },
    "node_modules/node-cmd": {
      "version": "5.0.0",
      "resolved": "https://registry.npmjs.org/node-cmd/-/node-cmd-5.0.0.tgz",
      "integrity": "sha512-4sQTJmsS5uZKAPz/Df9fnIbmvOySfGdW+UreH4X5NcAOOpKjaE+K5wf4ehNBbZVPo0vQ36RkRnhhsXXJAT+Syw==",
      "license": "MIT",
      "engines": {
        "node": ">=6.4.0"
      }
    }
  }
}
